
Microsoft Visual Studio Solution File, Format Version 12.00
# Visual Studio 15
VisualStudioVersion = 15.0.28307.645
MinimumVisualStudioVersion = 10.0.40219.1
Project("{9A19103F-16F7-4668-BE54-9A1E7A4F7556}") = "WebAdvert.Web", "WebAdvert.Web\WebAdvert.Web.csproj", "{259D29F3-DEEA-467C-8CC8-D84CDB6DDE6C}"
EndProject
Global
	GlobalSection(SolutionConfigurationPlatforms) = preSolution
		Debug|Any CPU = Debug|Any CPU
		Release|Any CPU = Release|Any CPU
	EndGlobalSection
	GlobalSection(ProjectConfigurationPlatforms) = postSolution
		{259D29F3-DEEA-467C-8CC8-D84CDB6DDE6C}.Debug|Any CPU.ActiveCfg = Debug|Any CPU
		{259D29F3-DEEA-467C-8CC8-D84CDB6DDE6C}.Debug|Any CPU.Build.0 = Debug|Any CPU
		{259D29F3-DEEA-467C-8CC8-D84CDB6DDE6C}.Release|Any CPU.ActiveCfg = Release|Any CPU
		{259D29F3-DEEA-467C-8CC8-D84CDB6DDE6C}.Release|Any CPU.Build.0 = Release|Any CPU
	EndGlobalSection
	GlobalSection(SolutionProperties) = preSolution
		HideSolutionNode = FALSE
	EndGlobalSection
	GlobalSection(ExtensibilityGlobals) = postSolution
		SolutionGuid = {AEA3DE80-E535-4FF0-9D9F-2FA94B08E79D}
	EndGlobalSection
EndGlobal
